dependencies:
- name: postgresql
  repository: oci://registry-1.docker.io/bitnamicharts
  version: 18.2.0
- name: redis
  repository: oci://registry-1.docker.io/bitnamicharts
  version: 18.1.5
digest: sha256:67c932e84c580b2c8da1cb36f66d2b845618a9e052e46ad550be259a92823e62
generated: "2026-01-16T14:33:19.167615+03:00"
